
Microsoft Visual Studio Solution File, Format Version 12.00
# Visual Studio Version 17
VisualStudioVersion = 17.8.34408.163
MinimumVisualStudioVersion = 10.0.40219.1
Project("{FAE04EC0-301F-11D3-BF4B-00C04F79EFBC}") = "ConsoleSample", "ConsoleSample\ConsoleSample.csproj", "{F056F099-D9AD-4099-9FD1-E8D6514333D2}"
EndProject
Global
	GlobalSection(SolutionConfigurationPlatforms) = preSolution
		Debug|Any CPU = Debug|Any CPU
		Release|Any CPU = Release|Any CPU
	EndGlobalSection
	GlobalSection(ProjectConfigurationPlatforms) = postSolution
		{F056F099-D9AD-4099-9FD1-E8D6514333D2}.Debug|Any CPU.ActiveCfg = Debug|Any CPU
		{F056F099-D9AD-4099-9FD1-E8D6514333D2}.Debug|Any CPU.Build.0 = Debug|Any CPU
		{F056F099-D9AD-4099-9FD1-E8D6514333D2}.Release|Any CPU.ActiveCfg = Release|Any CPU
		{F056F099-D9AD-4099-9FD1-E8D6514333D2}.Release|Any CPU.Build.0 = Release|Any CPU
	EndGlobalSection
	GlobalSection(SolutionProperties) = preSolution
		HideSolutionNode = FALSE
	EndGlobalSection
	GlobalSection(ExtensibilityGlobals) = postSolution
		SolutionGuid = {1554C340-F773-4D32-8A8D-EF01E51CF4A9}
	EndGlobalSection
EndGlobal
